// !$*UTF8*$!
{
	archiveVersion = 1;
	classes = {
	};
	objectVersion = 51;
	objects = {

/* Begin PBXBuildFile section */
		540DA57C24BED4DD009434E4 /* ChatView.swift in Sources */ = {isa = PBXBuildFile; fileRef = 540DA57B24BED4DD009434E4 /* ChatView.swift */; };
		5446588A24C925DF00E59FA3 /* Pager.swift in Sources */ = {isa = PBXBuildFile; fileRef = 5446588924C925DF00E59FA3 /* Pager.swift */; };
		5446588C24C9555500E59FA3 /* SwipeGesture.swift in Sources */ = {isa = PBXBuildFile; fileRef = 5446588B24C9555500E59FA3 /* SwipeGesture.swift */; };
		5451D1EC24A2F8610035EA91 /* PartnerView.swift in Sources */ = {isa = PBXBuildFile; fileRef = 5451D1EB24A2F8610035EA91 /* PartnerView.swift */; };
		545D598F24A0A448000B8A5A /* VipGuideView.swift in Sources */ = {isa = PBXBuildFile; fileRef = 545D598E24A0A448000B8A5A /* VipGuideView.swift */; };
		54745B9624A06E6400B32F25 /* MyPageView.swift in Sources */ = {isa = PBXBuildFile; fileRef = 54745B9524A06E6400B32F25 /* MyPageView.swift */; };
		54745B9924A071FC00B32F25 /* SettingView.swift in Sources */ = {isa = PBXBuildFile; fileRef = 54745B9824A071FC00B32F25 /* SettingView.swift */; };
		54745B9B24A0724900B32F25 /* ItemManageView.swift in Sources */ = {isa = PBXBuildFile; fileRef = 54745B9A24A0724900B32F25 /* ItemManageView.swift */; };
		547E6203249C67A300D8B7C4 /* AppDelegate.swift in Sources */ = {isa = PBXBuildFile; fileRef = 547E6202249C67A300D8B7C4 /* AppDelegate.swift */; };
		547E6205249C67A300D8B7C4 /* SceneDelegate.swift in Sources */ = {isa = PBXBuildFile; fileRef = 547E6204249C67A300D8B7C4 /* SceneDelegate.swift */; };
		547E6208249C67A300D8B7C4 /* IOS.xcdatamodeld in Sources */ = {isa = PBXBuildFile; fileRef = 547E6206249C67A300D8B7C4 /* IOS.xcdatamodeld */; };
		547E620A249C67A300D8B7C4 /* ContentView.swift in Sources */ = {isa = PBXBuildFile; fileRef = 547E6209249C67A300D8B7C4 /* ContentView.swift */; };
		547E620C249C67A400D8B7C4 /* Assets.xcassets in Resources */ = {isa = PBXBuildFile; fileRef = 547E620B249C67A400D8B7C4 /* Assets.xcassets */; };
		547E620F249C67A400D8B7C4 /* Preview Assets.xcassets in Resources */ = {isa = PBXBuildFile; fileRef = 547E620E249C67A400D8B7C4 /* Preview Assets.xcassets */; };
		547E6212249C67A400D8B7C4 /* LaunchScreen.storyboard in Resources */ = {isa = PBXBuildFile; fileRef = 547E6210249C67A400D8B7C4 /* LaunchScreen.storyboard */; };
		547E621C249C829200D8B7C4 /* UserListView.swift in Sources */ = {isa = PBXBuildFile; fileRef = 547E621B249C829200D8B7C4 /* UserListView.swift */; };
		547E621F249C82B400D8B7C4 /* StoryListView.swift in Sources */ = {isa = PBXBuildFile; fileRef = 547E621E249C82B400D8B7C4 /* StoryListView.swift */; };
		547E6221249C82CC00D8B7C4 /* ChatListView.swift in Sources */ = {isa = PBXBuildFile; fileRef = 547E6220249C82CC00D8B7C4 /* ChatListView.swift */; };
		547E6225249C88E300D8B7C4 /* ChannelView.swift in Sources */ = {isa = PBXBuildFile; fileRef = 547E6224249C88E300D8B7C4 /* ChannelView.swift */; };
		547E6228249CA27C00D8B7C4 /* WriteStoryView.swift in Sources */ = {isa = PBXBuildFile; fileRef = 547E6227249CA27C00D8B7C4 /* WriteStoryView.swift */; };
		547E622B249CAFFA00D8B7C4 /* EditProfileView.swift in Sources */ = {isa = PBXBuildFile; fileRef = 547E622A249CAFFA00D8B7C4 /* EditProfileView.swift */; };
		548AD92824A1A772003E27FD /* HttpService.swift in Sources */ = {isa = PBXBuildFile; fileRef = 548AD92724A1A772003E27FD /* HttpService.swift */; };
		548AD92E24A1CD40003E27FD /* DataModel.swift in Sources */ = {isa = PBXBuildFile; fileRef = 548AD92D24A1CD40003E27FD /* DataModel.swift */; };
		5494D0A824BD9E4B00ED2C08 /* EachAlert.swift in Sources */ = {isa = PBXBuildFile; fileRef = 5494D0A724BD9E4B00ED2C08 /* EachAlert.swift */; };
		54966CC524C6C29600131C43 /* LocationManager.swift in Sources */ = {isa = PBXBuildFile; fileRef = 54966CC424C6C29600131C43 /* LocationManager.swift */; };
		54966CC824C6DECB00131C43 /* ProfileView.swift in Sources */ = {isa = PBXBuildFile; fileRef = 54966CC724C6DECB00131C43 /* ProfileView.swift */; };
		5497A40D24A09A94005BBC1A /* AlarmSettingView.swift in Sources */ = {isa = PBXBuildFile; fileRef = 5497A40C24A09A94005BBC1A /* AlarmSettingView.swift */; };
		549E5B3724ADB29D00050E62 /* MultilineTextField.swift in Sources */ = {isa = PBXBuildFile; fileRef = 549E5B3624ADB29D00050E62 /* MultilineTextField.swift */; };
		549E5B3924ADB34F00050E62 /* ImagePicker.swift in Sources */ = {isa = PBXBuildFile; fileRef = 549E5B3824ADB34F00050E62 /* ImagePicker.swift */; };
		549E5B3B24ADB39300050E62 /* ExtensionClass.swift in Sources */ = {isa = PBXBuildFile; fileRef = 549E5B3A24ADB39300050E62 /* ExtensionClass.swift */; };
		54B5EAD124C0002F00B80FDF /* UserInfo.swift in Sources */ = {isa = PBXBuildFile; fileRef = 54B5EAD024C0002F00B80FDF /* UserInfo.swift */; };
		54BC272E24B4460500DAE862 /* StoryView.swift in Sources */ = {isa = PBXBuildFile; fileRef = 54BC272D24B4460500DAE862 /* StoryView.swift */; };
		54D6D8FC24B84A0C0076C21C /* Pods_IOS.framework in Frameworks */ = {isa = PBXBuildFile; fileRef = BE943F990410B844241EE6B5 /* Pods_IOS.framework */; };
/* End PBXBuildFile section */

/* Begin PBXFileReference section */
		540DA57B24BED4DD009434E4 /* ChatView.swift */ = {isa = PBXFileReference; lastKnownFileType = sourcecode.swift; path = ChatView.swift; sourceTree = "<group>"; };
		5446588924C925DF00E59FA3 /* Pager.swift */ = {isa = PBXFileReference; lastKnownFileType = sourcecode.swift; path = Pager.swift; sourceTree = "<group>"; };
		5446588B24C9555500E59FA3 /* SwipeGesture.swift */ = {isa = PBXFileReference; lastKnownFileType = sourcecode.swift; path = SwipeGesture.swift; sourceTree = "<group>"; };
		5451D1EB24A2F8610035EA91 /* PartnerView.swift */ = {isa = PBXFileReference; lastKnownFileType = sourcecode.swift; path = PartnerView.swift; sourceTree = "<group>"; };
		545D598E24A0A448000B8A5A /* VipGuideView.swift */ = {isa = PBXFileReference; lastKnownFileType = sourcecode.swift; path = VipGuideView.swift; sourceTree = "<group>"; };
		54745B9524A06E6400B32F25 /* MyPageView.swift */ = {isa = PBXFileReference; fileEncoding = 4; lastKnownFileType = sourcecode.swift; path = MyPageView.swift; sourceTree = "<group>"; };
		54745B9824A071FC00B32F25 /* SettingView.swift */ = {isa = PBXFileReference; lastKnownFileType = sourcecode.swift; path = SettingView.swift; sourceTree = "<group>"; };
		54745B9A24A0724900B32F25 /* ItemManageView.swift */ = {isa = PBXFileReference; lastKnownFileType = sourcecode.swift; path = ItemManageView.swift; sourceTree = "<group>"; };
		547E61FF249C67A300D8B7C4 /* IOS.app */ = {isa = PBXFileReference; explicitFileType = wrapper.application; includeInIndex = 0; path = IOS.app; sourceTree = BUILT_PRODUCTS_DIR; };
		547E6202249C67A300D8B7C4 /* AppDelegate.swift */ = {isa = PBXFileReference; lastKnownFileType = sourcecode.swift; path = AppDelegate.swift; sourceTree = "<group>"; };
		547E6204249C67A300D8B7C4 /* SceneDelegate.swift */ = {isa = PBXFileReference; lastKnownFileType = sourcecode.swift; path = SceneDelegate.swift; sourceTree = "<group>"; };
		547E6207249C67A300D8B7C4 /* IOS.xcdatamodel */ = {isa = PBXFileReference; lastKnownFileType = wrapper.xcdatamodel; path = IOS.xcdatamodel; sourceTree = "<group>"; };
		547E6209249C67A300D8B7C4 /* ContentView.swift */ = {isa = PBXFileReference; lastKnownFileType = sourcecode.swift; path = ContentView.swift; sourceTree = "<group>"; };
		547E620B249C67A400D8B7C4 /* Assets.xcassets */ = {isa = PBXFileReference; lastKnownFileType = folder.assetcatalog; path = Assets.xcassets; sourceTree = "<group>"; };
		547E620E249C67A400D8B7C4 /* Preview Assets.xcassets */ = {isa = PBXFileReference; lastKnownFileType = folder.assetcatalog; path = "Preview Assets.xcassets"; sourceTree = "<group>"; };
		547E6211249C67A400D8B7C4 /* Base */ = {isa = PBXFileReference; lastKnownFileType = file.storyboard; name = Base; path = Base.lproj/LaunchScreen.storyboard; sourceTree = "<group>"; };
		547E6213249C67A400D8B7C4 /* Info.plist */ = {isa = PBXFileReference; lastKnownFileType = text.plist.xml; path = Info.plist; sourceTree = "<group>"; };
		547E621B249C829200D8B7C4 /* UserListView.swift */ = {isa = PBXFileReference; lastKnownFileType = sourcecode.swift; path = UserListView.swift; sourceTree = "<group>"; };
		547E621E249C82B400D8B7C4 /* StoryListView.swift */ = {isa = PBXFileReference; lastKnownFileType = sourcecode.swift; path = StoryListView.swift; sourceTree = "<group>"; };
		547E6220249C82CC00D8B7C4 /* ChatListView.swift */ = {isa = PBXFileReference; lastKnownFileType = sourcecode.swift; path = ChatListView.swift; sourceTree = "<group>"; };
		547E6224249C88E300D8B7C4 /* ChannelView.swift */ = {isa = PBXFileReference; lastKnownFileType = sourcecode.swift; path = ChannelView.swift; sourceTree = "<group>"; };
		547E6227249CA27C00D8B7C4 /* WriteStoryView.swift */ = {isa = PBXFileReference; lastKnownFileType = sourcecode.swift; path = WriteStoryView.swift; sourceTree = "<group>"; };
		547E622A249CAFFA00D8B7C4 /* EditProfileView.swift */ = {isa = PBXFileReference; lastKnownFileType = sourcecode.swift; path = EditProfileView.swift; sourceTree = "<group>"; };
		548AD92724A1A772003E27FD /* HttpService.swift */ = {isa = PBXFileReference; lastKnownFileType = sourcecode.swift; path = HttpService.swift; sourceTree = "<group>"; };
		548AD92D24A1CD40003E27FD /* DataModel.swift */ = {isa = PBXFileReference; lastKnownFileType = sourcecode.swift; path = DataModel.swift; sourceTree = "<group>"; };
		5494D0A724BD9E4B00ED2C08 /* EachAlert.swift */ = {isa = PBXFileReference; lastKnownFileType = sourcecode.swift; path = EachAlert.swift; sourceTree = "<group>"; };
		54966CC424C6C29600131C43 /* LocationManager.swift */ = {isa = PBXFileReference; lastKnownFileType = sourcecode.swift; path = LocationManager.swift; sourceTree = "<group>"; };
		54966CC724C6DECB00131C43 /* ProfileView.swift */ = {isa = PBXFileReference; lastKnownFileType = sourcecode.swift; path = ProfileView.swift; sourceTree = "<group>"; };
		5497A40C24A09A94005BBC1A /* AlarmSettingView.swift */ = {isa = PBXFileReference; lastKnownFileType = sourcecode.swift; path = AlarmSettingView.swift; sourceTree = "<group>"; };
		549E5B3624ADB29D00050E62 /* MultilineTextField.swift */ = {isa = PBXFileReference; lastKnownFileType = sourcecode.swift; path = MultilineTextField.swift; sourceTree = "<group>"; };
		549E5B3824ADB34F00050E62 /* ImagePicker.swift */ = {isa = PBXFileReference; lastKnownFileType = sourcecode.swift; path = ImagePicker.swift; sourceTree = "<group>"; };
		549E5B3A24ADB39300050E62 /* ExtensionClass.swift */ = {isa = PBXFileReference; lastKnownFileType = sourcecode.swift; path = ExtensionClass.swift; sourceTree = "<group>"; };
		54B5EAD024C0002F00B80FDF /* UserInfo.swift */ = {isa = PBXFileReference; lastKnownFileType = sourcecode.swift; path = UserInfo.swift; sourceTree = "<group>"; };
		54BC272D24B4460500DAE862 /* StoryView.swift */ = {isa = PBXFileReference; lastKnownFileType = sourcecode.swift; path = StoryView.swift; sourceTree = "<group>"; };
		54D6D8FF24B84BEC0076C21C /* Kingfisher.framework */ = {isa = PBXFileReference; explicitFileType = wrapper.framework; path = Kingfisher.framework; sourceTree = BUILT_PRODUCTS_DIR; };
		9E4B367991053D8954EC7FDE /* Pods-IOS.debug.xcconfig */ = {isa = PBXFileReference; includeInIndex = 1; lastKnownFileType = text.xcconfig; name = "Pods-IOS.debug.xcconfig"; path = "Target Support Files/Pods-IOS/Pods-IOS.debug.xcconfig"; sourceTree = "<group>"; };
		BE943F990410B844241EE6B5 /* Pods_IOS.framework */ = {isa = PBXFileReference; explicitFileType = wrapper.framework; includeInIndex = 0; path = Pods_IOS.framework; sourceTree = BUILT_PRODUCTS_DIR; };
		ECACD7B8EBAEF2710741FDD3 /* Pods-IOS.release.xcconfig */ = {isa = PBXFileReference; includeInIndex = 1; lastKnownFileType = text.xcconfig; name = "Pods-IOS.release.xcconfig"; path = "Target Support Files/Pods-IOS/Pods-IOS.release.xcconfig"; sourceTree = "<group>"; };
/* End PBXFileReference section */

/* Begin PBXFrameworksBuildPhase section */
		547E61FC249C67A300D8B7C4 /* Frameworks */ = {
			isa = PBXFrameworksBuildPhase;
			buildActionMask = 2147483647;
			files = (
				54D6D8FC24B84A0C0076C21C /* Pods_IOS.framework in Frameworks */,
			);
			runOnlyForDeploymentPostprocessing = 0;
		};
/* End PBXFrameworksBuildPhase section */

/* Begin PBXGroup section */
		017BC9A781119B7EA9E6966F /* Frameworks */ = {
			isa = PBXGroup;
			children = (
				54D6D8FF24B84BEC0076C21C /* Kingfisher.framework */,
				BE943F990410B844241EE6B5 /* Pods_IOS.framework */,
			);
			name = Frameworks;
			sourceTree = "<group>";
		};
		540DA57D24BED7BF009434E4 /* Chat */ = {
			isa = PBXGroup;
			children = (
				540DA57B24BED4DD009434E4 /* ChatView.swift */,
			);
			path = Chat;
			sourceTree = "<group>";
		};
		5451D1EA24A2F8480035EA91 /* Channel */ = {
			isa = PBXGroup;
			children = (
				5451D1EB24A2F8610035EA91 /* PartnerView.swift */,
			);
			path = Channel;
			sourceTree = "<group>";
		};
		545D598D24A0A438000B8A5A /* ItemManage */ = {
			isa = PBXGroup;
			children = (
				545D598E24A0A448000B8A5A /* VipGuideView.swift */,
			);
			path = ItemManage;
			sourceTree = "<group>";
		};
		54745B9724A0702A00B32F25 /* MyPage */ = {
			isa = PBXGroup;
			children = (
				545D598D24A0A438000B8A5A /* ItemManage */,
				5497A40B24A09A7C005BBC1A /* SettingItem */,
				547E622A249CAFFA00D8B7C4 /* EditProfileView.swift */,
				54745B9824A071FC00B32F25 /* SettingView.swift */,
				54745B9A24A0724900B32F25 /* ItemManageView.swift */,
			);
			path = MyPage;
			sourceTree = "<group>";
		};
		547E61F6249C67A300D8B7C4 = {
			isa = PBXGroup;
			children = (
				547E6201249C67A300D8B7C4 /* IOS */,
				547E6200249C67A300D8B7C4 /* Products */,
				C4CF963777DB09C61E1C5C30 /* Pods */,
				017BC9A781119B7EA9E6966F /* Frameworks */,
			);
			sourceTree = "<group>";
		};
		547E6200249C67A300D8B7C4 /* Products */ = {
			isa = PBXGroup;
			children = (
				547E61FF249C67A300D8B7C4 /* IOS.app */,
			);
			name = Products;
			sourceTree = "<group>";
		};
		547E6201249C67A300D8B7C4 /* IOS */ = {
			isa = PBXGroup;
			children = (
				54966CC624C6DE7900131C43 /* Common */,
				54966CC324C6C28100131C43 /* Object */,
				549E5B3524ADB27F00050E62 /* CustomUI */,
				547E621D249C82A300D8B7C4 /* TabView */,
				547E6209249C67A300D8B7C4 /* ContentView.swift */,
				548AD92724A1A772003E27FD /* HttpService.swift */,
				54B5EAD024C0002F00B80FDF /* UserInfo.swift */,
				548AD92D24A1CD40003E27FD /* DataModel.swift */,
				549E5B3A24ADB39300050E62 /* ExtensionClass.swift */,
				547E620B249C67A400D8B7C4 /* Assets.xcassets */,
				547E6210249C67A400D8B7C4 /* LaunchScreen.storyboard */,
				547E6213249C67A400D8B7C4 /* Info.plist */,
				547E6206249C67A300D8B7C4 /* IOS.xcdatamodeld */,
				547E6204249C67A300D8B7C4 /* SceneDelegate.swift */,
				547E6202249C67A300D8B7C4 /* AppDelegate.swift */,
				547E620D249C67A400D8B7C4 /* Preview Content */,
			);
			path = IOS;
			sourceTree = "<group>";
		};
		547E620D249C67A400D8B7C4 /* Preview Content */ = {
			isa = PBXGroup;
			children = (
				547E620E249C67A400D8B7C4 /* Preview Assets.xcassets */,
			);
			path = "Preview Content";
			sourceTree = "<group>";
		};
		547E621D249C82A300D8B7C4 /* TabView */ = {
			isa = PBXGroup;
			children = (
				540DA57D24BED7BF009434E4 /* Chat */,
				5451D1EA24A2F8480035EA91 /* Channel */,
				54745B9724A0702A00B32F25 /* MyPage */,
				547E6226249CA26900D8B7C4 /* Story */,
				54745B9524A06E6400B32F25 /* MyPageView.swift */,
				547E621B249C829200D8B7C4 /* UserListView.swift */,
				547E621E249C82B400D8B7C4 /* StoryListView.swift */,
				547E6220249C82CC00D8B7C4 /* ChatListView.swift */,
				547E6224249C88E300D8B7C4 /* ChannelView.swift */,
			);
			path = TabView;
			sourceTree = "<group>";
		};
		547E6226249CA26900D8B7C4 /* Story */ = {
			isa = PBXGroup;
			children = (
				547E6227249CA27C00D8B7C4 /* WriteStoryView.swift */,
				54BC272D24B4460500DAE862 /* StoryView.swift */,
			);
			path = Story;
			sourceTree = "<group>";
		};
		54966CC324C6C28100131C43 /* Object */ = {
			isa = PBXGroup;
			children = (
				54966CC424C6C29600131C43 /* LocationManager.swift */,
			);
			path = Object;
			sourceTree = "<group>";
		};
		54966CC624C6DE7900131C43 /* Common */ = {
			isa = PBXGroup;
			children = (
				54966CC724C6DECB00131C43 /* ProfileView.swift */,
			);
			path = Common;
			sourceTree = "<group>";
		};
		5497A40B24A09A7C005BBC1A /* SettingItem */ = {
			isa = PBXGroup;
			children = (
				5497A40C24A09A94005BBC1A /* AlarmSettingView.swift */,
			);
			path = SettingItem;
			sourceTree = "<group>";
		};
		549E5B3524ADB27F00050E62 /* CustomUI */ = {
			isa = PBXGroup;
			children = (
				549E5B3624ADB29D00050E62 /* MultilineTextField.swift */,
				549E5B3824ADB34F00050E62 /* ImagePicker.swift */,
				5494D0A724BD9E4B00ED2C08 /* EachAlert.swift */,
				5446588924C925DF00E59FA3 /* Pager.swift */,
				5446588B24C9555500E59FA3 /* SwipeGesture.swift */,
			);
			path = CustomUI;
			sourceTree = "<group>";
		};
		C4CF963777DB09C61E1C5C30 /* Pods */ = {
			isa = PBXGroup;
			children = (
				9E4B367991053D8954EC7FDE /* Pods-IOS.debug.xcconfig */,
				ECACD7B8EBAEF2710741FDD3 /* Pods-IOS.release.xcconfig */,
			);
			path = Pods;
			sourceTree = "<group>";
		};
/* End PBXGroup section */

/* Begin PBXNativeTarget section */
		547E61FE249C67A300D8B7C4 /* IOS */ = {
			isa = PBXNativeTarget;
			buildConfigurationList = 547E6216249C67A400D8B7C4 /* Build configuration list for PBXNativeTarget "IOS" */;
			buildPhases = (
				B264CC5C68BE6BEF194345F8 /* [CP] Check Pods Manifest.lock */,
				547E61FB249C67A300D8B7C4 /* Sources */,
				547E61FC249C67A300D8B7C4 /* Frameworks */,
				547E61FD249C67A300D8B7C4 /* Resources */,
				AD3C643B7C3E9FC1096C5329 /* [CP] Embed Pods Frameworks */,
			);
			buildRules = (
			);
			dependencies = (
			);
			name = IOS;
			productName = IOS;
			productReference = 547E61FF249C67A300D8B7C4 /* IOS.app */;
			productType = "com.apple.product-type.application";
		};
/* End PBXNativeTarget section */

/* Begin PBXProject section */
		547E61F7249C67A300D8B7C4 /* Project object */ = {
			isa = PBXProject;
			attributes = {
				LastSwiftUpdateCheck = 1150;
				LastUpgradeCheck = 1150;
				ORGANIZATIONNAME = KSH;
				TargetAttributes = {
					547E61FE249C67A300D8B7C4 = {
						CreatedOnToolsVersion = 11.5;
					};
				};
			};
			buildConfigurationList = 547E61FA249C67A300D8B7C4 /* Build configuration list for PBXProject "IOS" */;
			compatibilityVersion = "Xcode 9.3";
			developmentRegion = en;
			hasScannedForEncodings = 0;
			knownRegions = (
				en,
				Base,
			);
			mainGroup = 547E61F6249C67A300D8B7C4;
			productRefGroup = 547E6200249C67A300D8B7C4 /* Products */;
			projectDirPath = "";
			projectRoot = "";
			targets = (
				547E61FE249C67A300D8B7C4 /* IOS */,
			);
		};
/* End PBXProject section */

/* Begin PBXResourcesBuildPhase section */
		547E61FD249C67A300D8B7C4 /* Resources */ = {
			isa = PBXResourcesBuildPhase;
			buildActionMask = 2147483647;
			files = (
				547E6212249C67A400D8B7C4 /* LaunchScreen.storyboard in Resources */,
				547E620F249C67A400D8B7C4 /* Preview Assets.xcassets in Resources */,
				547E620C249C67A400D8B7C4 /* Assets.xcassets in Resources */,
			);
			runOnlyForDeploymentPostprocessing = 0;
		};
/* End PBXResourcesBuildPhase section */

/* Begin PBXShellScriptBuildPhase section */
		AD3C643B7C3E9FC1096C5329 /* [CP] Embed Pods Frameworks */ = {
			isa = PBXShellScriptBuildPhase;
			buildActionMask = 2147483647;
			files = (
			);
			inputFileListPaths = (
				"${PODS_ROOT}/Target Support Files/Pods-IOS/Pods-IOS-frameworks-${CONFIGURATION}-input-files.xcfilelist",
			);
			name = "[CP] Embed Pods Frameworks";
			outputFileListPaths = (
				"${PODS_ROOT}/Target Support Files/Pods-IOS/Pods-IOS-frameworks-${CONFIGURATION}-output-files.xcfilelist",
			);
			runOnlyForDeploymentPostprocessing = 0;
			shellPath = /bin/sh;
			shellScript = "\"${PODS_ROOT}/Target Support Files/Pods-IOS/Pods-IOS-frameworks.sh\"\n";
			showEnvVarsInLog = 0;
		};
		B264CC5C68BE6BEF194345F8 /* [CP] Check Pods Manifest.lock */ = {
			isa = PBXShellScriptBuildPhase;
			buildActionMask = 2147483647;
			files = (
			);
			inputFileListPaths = (
			);
			inputPaths = (
				"${PODS_PODFILE_DIR_PATH}/Podfile.lock",
				"${PODS_ROOT}/Manifest.lock",
			);
			name = "[CP] Check Pods Manifest.lock";
			outputFileListPaths = (
			);
			outputPaths = (
				"$(DERIVED_FILE_DIR)/Pods-IOS-checkManifestLockResult.txt",
			);
			runOnlyForDeploymentPostprocessing = 0;
			shellPath = /bin/sh;
			shellScript = "diff \"${PODS_PODFILE_DIR_PATH}/Podfile.lock\" \"${PODS_ROOT}/Manifest.lock\" > /dev/null\nif [ $? != 0 ] ; then\n    # print error to STDERR\n    echo \"error: The sandbox is not in sync with the Podfile.lock. Run 'pod install' or update your CocoaPods installation.\" >&2\n    exit 1\nfi\n# This output is used by Xcode 'outputs' to avoid re-running this script phase.\necho \"SUCCESS\" > \"${SCRIPT_OUTPUT_FILE_0}\"\n";
			showEnvVarsInLog = 0;
		};
/* End PBXShellScriptBuildPhase section */

/* Begin PBXSourcesBuildPhase section */
		547E61FB249C67A300D8B7C4 /* Sources */ = {
			isa = PBXSourcesBuildPhase;
			buildActionMask = 2147483647;
			files = (
				54B5EAD124C0002F00B80FDF /* UserInfo.swift in Sources */,
				54966CC824C6DECB00131C43 /* ProfileView.swift in Sources */,
				54BC272E24B4460500DAE862 /* StoryView.swift in Sources */,
				547E6203249C67A300D8B7C4 /* AppDelegate.swift in Sources */,
				547E6208249C67A300D8B7C4 /* IOS.xcdatamodeld in Sources */,
				547E621C249C829200D8B7C4 /* UserListView.swift in Sources */,
				5446588C24C9555500E59FA3 /* SwipeGesture.swift in Sources */,
				540DA57C24BED4DD009434E4 /* ChatView.swift in Sources */,
				549E5B3B24ADB39300050E62 /* ExtensionClass.swift in Sources */,
				547E622B249CAFFA00D8B7C4 /* EditProfileView.swift in Sources */,
				547E6225249C88E300D8B7C4 /* ChannelView.swift in Sources */,
				5451D1EC24A2F8610035EA91 /* PartnerView.swift in Sources */,
				547E6228249CA27C00D8B7C4 /* WriteStoryView.swift in Sources */,
				54745B9624A06E6400B32F25 /* MyPageView.swift in Sources */,
				5446588A24C925DF00E59FA3 /* Pager.swift in Sources */,
				54966CC524C6C29600131C43 /* LocationManager.swift in Sources */,
				5494D0A824BD9E4B00ED2C08 /* EachAlert.swift in Sources */,
				549E5B3724ADB29D00050E62 /* MultilineTextField.swift in Sources */,
				545D598F24A0A448000B8A5A /* VipGuideView.swift in Sources */,
				54745B9B24A0724900B32F25 /* ItemManageView.swift in Sources */,
				547E621F249C82B400D8B7C4 /* StoryListView.swift in Sources */,
				547E620A249C67A300D8B7C4 /* ContentView.swift in Sources */,
				548AD92824A1A772003E27FD /* HttpService.swift in Sources */,
				54745B9924A071FC00B32F25 /* SettingView.swift in Sources */,
				547E6221249C82CC00D8B7C4 /* ChatListView.swift in Sources */,
				548AD92E24A1CD40003E27FD /* DataModel.swift in Sources */,
				549E5B3924ADB34F00050E62 /* ImagePicker.swift in Sources */,
				547E6205249C67A300D8B7C4 /* SceneDelegate.swift in Sources */,
				5497A40D24A09A94005BBC1A /* AlarmSettingView.swift in Sources */,
			);
			runOnlyForDeploymentPostprocessing = 0;
		};
/* End PBXSourcesBuildPhase section */

/* Begin PBXVariantGroup section */
		547E6210249C67A400D8B7C4 /* LaunchScreen.storyboard */ = {
			isa = PBXVariantGroup;
			children = (
				547E6211249C67A400D8B7C4 /* Base */,
			);
			name = LaunchScreen.storyboard;
			sourceTree = "<group>";
		};
/* End PBXVariantGroup section */

/* Begin XCBuildConfiguration section */
		547E6214249C67A400D8B7C4 /* Debug */ = {
			isa = XCBuildConfiguration;
			buildSettings = {
				ALWAYS_SEARCH_USER_PATHS = NO;
				CLANG_ANALYZER_NONNULL = YES;
				CLANG_ANALYZER_NUMBER_OBJECT_CONVERSION = YES_AGGRESSIVE;
				CLANG_CXX_LANGUAGE_STANDARD = "gnu++14";
				CLANG_CXX_LIBRARY = "libc++";
				CLANG_ENABLE_MODULES = YES;
				CLANG_ENABLE_OBJC_ARC = YES;
				CLANG_ENABLE_OBJC_WEAK = YES;
				CLANG_WARN_BLOCK_CAPTURE_AUTORELEASING = YES;
				CLANG_WARN_BOOL_CONVERSION = YES;
				CLANG_WARN_COMMA = YES;
				CLANG_WARN_CONSTANT_CONVERSION = YES;
				CLANG_WARN_DEPRECATED_OBJC_IMPLEMENTATIONS = YES;
				CLANG_WARN_DIRECT_OBJC_ISA_USAGE = YES_ERROR;
				CLANG_WARN_DOCUMENTATION_COMMENTS = YES;
				CLANG_WARN_EMPTY_BODY = YES;
				CLANG_WARN_ENUM_CONVERSION = YES;
				CLANG_WARN_INFINITE_RECURSION = YES;
				CLANG_WARN_INT_CONVERSION = YES;
				CLANG_WARN_NON_LITERAL_NULL_CONVERSION = YES;
				CLANG_WARN_OBJC_IMPLICIT_RETAIN_SELF = YES;
				CLANG_WARN_OBJC_LITERAL_CONVERSION = YES;
				CLANG_WARN_OBJC_ROOT_CLASS = YES_ERROR;
				CLANG_WARN_RANGE_LOOP_ANALYSIS = YES;
				CLANG_WARN_STRICT_PROTOTYPES = YES;
				CLANG_WARN_SUSPICIOUS_MOVE = YES;
				CLANG_WARN_UNGUARDED_AVAILABILITY = YES_AGGRESSIVE;
				CLANG_WARN_UNREACHABLE_CODE = YES;
				CLANG_WARN__DUPLICATE_METHOD_MATCH = YES;
				COPY_PHASE_STRIP = NO;
				DEBUG_INFORMATION_FORMAT = dwarf;
				ENABLE_STRICT_OBJC_MSGSEND = YES;
				ENABLE_TESTABILITY = YES;
				GCC_C_LANGUAGE_STANDARD = gnu11;
				GCC_DYNAMIC_NO_PIC = NO;
				GCC_NO_COMMON_BLOCKS = YES;
				GCC_OPTIMIZATION_LEVEL = 0;
				GCC_PREPROCESSOR_DEFINITIONS = (
					"DEBUG=1",
					"$(inherited)",
				);
				GCC_WARN_64_TO_32_BIT_CONVERSION = YES;
				GCC_WARN_ABOUT_RETURN_TYPE = YES_ERROR;
				GCC_WARN_UNDECLARED_SELECTOR = YES;
				GCC_WARN_UNINITIALIZED_AUTOS = YES_AGGRESSIVE;
				GCC_WARN_UNUSED_FUNCTION = YES;
				GCC_WARN_UNUSED_VARIABLE = YES;
				IPHONEOS_DEPLOYMENT_TARGET = 13.5;
				MTL_ENABLE_DEBUG_INFO = INCLUDE_SOURCE;
				MTL_FAST_MATH = YES;
				ONLY_ACTIVE_ARCH = YES;
				SDKROOT = iphoneos;
				SWIFT_ACTIVE_COMPILATION_CONDITIONS = DEBUG;
				SWIFT_OPTIMIZATION_LEVEL = "-Onone";
			};
			name = Debug;
		};
		547E6215249C67A400D8B7C4 /* Release */ = {
			isa = XCBuildConfiguration;
			buildSettings = {
				ALWAYS_SEARCH_USER_PATHS = NO;
				CLANG_ANALYZER_NONNULL = YES;
				CLANG_ANALYZER_NUMBER_OBJECT_CONVERSION = YES_AGGRESSIVE;
				CLANG_CXX_LANGUAGE_STANDARD = "gnu++14";
				CLANG_CXX_LIBRARY = "libc++";
				CLANG_ENABLE_MODULES = YES;
				CLANG_ENABLE_OBJC_ARC = YES;
				CLANG_ENABLE_OBJC_WEAK = YES;
				CLANG_WARN_BLOCK_CAPTURE_AUTORELEASING = YES;
				CLANG_WARN_BOOL_CONVERSION = YES;
				CLANG_WARN_COMMA = YES;
				CLANG_WARN_CONSTANT_CONVERSION = YES;
				CLANG_WARN_DEPRECATED_OBJC_IMPLEMENTATIONS = YES;
				CLANG_WARN_DIRECT_OBJC_ISA_USAGE = YES_ERROR;
				CLANG_WARN_DOCUMENTATION_COMMENTS = YES;
				CLANG_WARN_EMPTY_BODY = YES;
				CLANG_WARN_ENUM_CONVERSION = YES;
				CLANG_WARN_INFINITE_RECURSION = YES;
				CLANG_WARN_INT_CONVERSION = YES;
				CLANG_WARN_NON_LITERAL_NULL_CONVERSION = YES;
				CLANG_WARN_OBJC_IMPLICIT_RETAIN_SELF = YES;
				CLANG_WARN_OBJC_LITERAL_CONVERSION = YES;
				CLANG_WARN_OBJC_ROOT_CLASS = YES_ERROR;
				CLANG_WARN_RANGE_LOOP_ANALYSIS = YES;
				CLANG_WARN_STRICT_PROTOTYPES = YES;
				CLANG_WARN_SUSPICIOUS_MOVE = YES;
				CLANG_WARN_UNGUARDED_AVAILABILITY = YES_AGGRESSIVE;
				CLANG_WARN_UNREACHABLE_CODE = YES;
				CLANG_WARN__DUPLICATE_METHOD_MATCH = YES;
				COPY_PHASE_STRIP = NO;
				DEBUG_INFORMATION_FORMAT = "dwarf-with-dsym";
				ENABLE_NS_ASSERTIONS = NO;
				ENABLE_STRICT_OBJC_MSGSEND = YES;
				GCC_C_LANGUAGE_STANDARD = gnu11;
				GCC_NO_COMMON_BLOCKS = YES;
				GCC_WARN_64_TO_32_BIT_CONVERSION = YES;
				GCC_WARN_ABOUT_RETURN_TYPE = YES_ERROR;
				GCC_WARN_UNDECLARED_SELECTOR = YES;
				GCC_WARN_UNINITIALIZED_AUTOS = YES_AGGRESSIVE;
				GCC_WARN_UNUSED_FUNCTION = YES;
				GCC_WARN_UNUSED_VARIABLE = YES;
				IPHONEOS_DEPLOYMENT_TARGET = 13.5;
				MTL_ENABLE_DEBUG_INFO = NO;
				MTL_FAST_MATH = YES;
				SDKROOT = iphoneos;
				SWIFT_COMPILATION_MODE = wholemodule;
				SWIFT_OPTIMIZATION_LEVEL = "-O";
				VALIDATE_PRODUCT = YES;
			};
			name = Release;
		};
		547E6217249C67A400D8B7C4 /* Debug */ = {
			isa = XCBuildConfiguration;
			baseConfigurationReference = 9E4B367991053D8954EC7FDE /* Pods-IOS.debug.xcconfig */;
			buildSettings = {
				ASSETCATALOG_COMPILER_APPICON_NAME = AppIcon;
				CODE_SIGN_STYLE = Automatic;
				DEVELOPMENT_ASSET_PATHS = "\"IOS/Preview Content\"";
				DEVELOPMENT_TEAM = 6K8FXCD729;
				ENABLE_PREVIEWS = YES;
				INFOPLIST_FILE = IOS/Info.plist;
				LD_RUNPATH_SEARCH_PATHS = (
					"$(inherited)",
					"@executable_path/Frameworks",
				);
				PRODUCT_BUNDLE_IDENTIFIER = com.ilove.IOS;
				PRODUCT_NAME = "$(TARGET_NAME)";
				SWIFT_VERSION = 5.0;
				TARGETED_DEVICE_FAMILY = "1,2";
			};
			name = Debug;
		};
		547E6218249C67A400D8B7C4 /* Release */ = {
			isa = XCBuildConfiguration;
			baseConfigurationReference = ECACD7B8EBAEF2710741FDD3 /* Pods-IOS.release.xcconfig */;
			buildSettings = {
				ASSETCATALOG_COMPILER_APPICON_NAME = AppIcon;
				CODE_SIGN_STYLE = Automatic;
				DEVELOPMENT_ASSET_PATHS = "\"IOS/Preview Content\"";
				DEVELOPMENT_TEAM = 6K8FXCD729;
				ENABLE_PREVIEWS = YES;
				INFOPLIST_FILE = IOS/Info.plist;
				LD_RUNPATH_SEARCH_PATHS = (
					"$(inherited)",
					"@executable_path/Frameworks",
				);
				PRODUCT_BUNDLE_IDENTIFIER = com.ilove.IOS;
				PRODUCT_NAME = "$(TARGET_NAME)";
				SWIFT_VERSION = 5.0;
				TARGETED_DEVICE_FAMILY = "1,2";
			};
			name = Release;
		};
/* End XCBuildConfiguration section */

/* Begin XCConfigurationList section */
		547E61FA249C67A300D8B7C4 /* Build configuration list for PBXProject "IOS" */ = {
			isa = XCConfigurationList;
			buildConfigurations = (
				547E6214249C67A400D8B7C4 /* Debug */,
				547E6215249C67A400D8B7C4 /* Release */,
			);
			defaultConfigurationIsVisible = 0;
			defaultConfigurationName = Release;
		};
		547E6216249C67A400D8B7C4 /* Build configuration list for PBXNativeTarget "IOS" */ = {
			isa = XCConfigurationList;
			buildConfigurations = (
				547E6217249C67A400D8B7C4 /* Debug */,
				547E6218249C67A400D8B7C4 /* Release */,
			);
			defaultConfigurationIsVisible = 0;
			defaultConfigurationName = Release;
		};
/* End XCConfigurationList section */

/* Begin XCVersionGroup section */
		547E6206249C67A300D8B7C4 /* IOS.xcdatamodeld */ = {
			isa = XCVersionGroup;
			children = (
				547E6207249C67A300D8B7C4 /* IOS.xcdatamodel */,
			);
			currentVersion = 547E6207249C67A300D8B7C4 /* IOS.xcdatamodel */;
			path = IOS.xcdatamodeld;
			sourceTree = "<group>";
			versionGroupType = wrapper.xcdatamodel;
		};
/* End XCVersionGroup section */
	};
	rootObject = 547E61F7249C67A300D8B7C4 /* Project object */;
}
