// !$*UTF8*$!
{
	archiveVersion = 1;
	classes = {
	};
	objectVersion = 50;
	objects = {

/* Begin PBXBuildFile section */
		545D598F24A0A448000B8A5A /* VipGuideView.swift in Sources */ = {isa = PBXBuildFile; fileRef = 545D598E24A0A448000B8A5A /* VipGuideView.swift */; };
		54745B9624A06E6400B32F25 /* MyPageView.swift in Sources */ = {isa = PBXBuildFile; fileRef = 54745B9524A06E6400B32F25 /* MyPageView.swift */; };
		54745B9924A071FC00B32F25 /* SettingView.swift in Sources */ = {isa = PBXBuildFile; fileRef = 54745B9824A071FC00B32F25 /* SettingView.swift */; };
		54745B9B24A0724900B32F25 /* ItemManageView.swift in Sources */ = {isa = PBXBuildFile; fileRef = 54745B9A24A0724900B32F25 /* ItemManageView.swift */; };
		547E6203249C67A300D8B7C4 /* AppDelegate.swift in Sources */ = {isa = PBXBuildFile; fileRef = 547E6202249C67A300D8B7C4 /* AppDelegate.swift */; };
		547E6205249C67A300D8B7C4 /* SceneDelegate.swift in Sources */ = {isa = PBXBuildFile; fileRef = 547E6204249C67A300D8B7C4 /* SceneDelegate.swift */; };
		547E6208249C67A300D8B7C4 /* IOS.xcdatamodeld in Sources */ = {isa = PBXBuildFile; fileRef = 547E6206249C67A300D8B7C4 /* IOS.xcdatamodeld */; };
		547E620A249C67A300D8B7C4 /* ContentView.swift in Sources */ = {isa = PBXBuildFile; fileRef = 547E6209249C67A300D8B7C4 /* ContentView.swift */; };
		547E620C249C67A400D8B7C4 /* Assets.xcassets in Resources */ = {isa = PBXBuildFile; fileRef = 547E620B249C67A400D8B7C4 /* Assets.xcassets */; };
		547E620F249C67A400D8B7C4 /* Preview Assets.xcassets in Resources */ = {isa = PBXBuildFile; fileRef = 547E620E249C67A400D8B7C4 /* Preview Assets.xcassets */; };
		547E6212249C67A400D8B7C4 /* LaunchScreen.storyboard in Resources */ = {isa = PBXBuildFile; fileRef = 547E6210249C67A400D8B7C4 /* LaunchScreen.storyboard */; };
		547E621C249C829200D8B7C4 /* UserListView.swift in Sources */ = {isa = PBXBuildFile; fileRef = 547E621B249C829200D8B7C4 /* UserListView.swift */; };
		547E621F249C82B400D8B7C4 /* StoryView.swift in Sources */ = {isa = PBXBuildFile; fileRef = 547E621E249C82B400D8B7C4 /* StoryView.swift */; };
		547E6221249C82CC00D8B7C4 /* ChatListView.swift in Sources */ = {isa = PBXBuildFile; fileRef = 547E6220249C82CC00D8B7C4 /* ChatListView.swift */; };
		547E6225249C88E300D8B7C4 /* ChannelView.swift in Sources */ = {isa = PBXBuildFile; fileRef = 547E6224249C88E300D8B7C4 /* ChannelView.swift */; };
		547E6228249CA27C00D8B7C4 /* WriteStoryView.swift in Sources */ = {isa = PBXBuildFile; fileRef = 547E6227249CA27C00D8B7C4 /* WriteStoryView.swift */; };
		547E622B249CAFFA00D8B7C4 /* EditProfileView.swift in Sources */ = {isa = PBXBuildFile; fileRef = 547E622A249CAFFA00D8B7C4 /* EditProfileView.swift */; };
		548AD92824A1A772003E27FD /* HttpService.swift in Sources */ = {isa = PBXBuildFile; fileRef = 548AD92724A1A772003E27FD /* HttpService.swift */; };
		548AD92E24A1CD40003E27FD /* DataModel.swift in Sources */ = {isa = PBXBuildFile; fileRef = 548AD92D24A1CD40003E27FD /* DataModel.swift */; };
		5497A40D24A09A94005BBC1A /* AlarmSettingView.swift in Sources */ = {isa = PBXBuildFile; fileRef = 5497A40C24A09A94005BBC1A /* AlarmSettingView.swift */; };
/* End PBXBuildFile section */

/* Begin PBXFileReference section */
		545D598E24A0A448000B8A5A /* VipGuideView.swift */ = {isa = PBXFileReference; lastKnownFileType = sourcecode.swift; path = VipGuideView.swift; sourceTree = "<group>"; };
		54745B9524A06E6400B32F25 /* MyPageView.swift */ = {isa = PBXFileReference; fileEncoding = 4; lastKnownFileType = sourcecode.swift; path = MyPageView.swift; sourceTree = "<group>"; };
		54745B9824A071FC00B32F25 /* SettingView.swift */ = {isa = PBXFileReference; lastKnownFileType = sourcecode.swift; path = SettingView.swift; sourceTree = "<group>"; };
		54745B9A24A0724900B32F25 /* ItemManageView.swift */ = {isa = PBXFileReference; lastKnownFileType = sourcecode.swift; path = ItemManageView.swift; sourceTree = "<group>"; };
		547E61FF249C67A300D8B7C4 /* IOS.app */ = {isa = PBXFileReference; explicitFileType = wrapper.application; includeInIndex = 0; path = IOS.app; sourceTree = BUILT_PRODUCTS_DIR; };
		547E6202249C67A300D8B7C4 /* AppDelegate.swift */ = {isa = PBXFileReference; lastKnownFileType = sourcecode.swift; path = AppDelegate.swift; sourceTree = "<group>"; };
		547E6204249C67A300D8B7C4 /* SceneDelegate.swift */ = {isa = PBXFileReference; lastKnownFileType = sourcecode.swift; path = SceneDelegate.swift; sourceTree = "<group>"; };
		547E6207249C67A300D8B7C4 /* IOS.xcdatamodel */ = {isa = PBXFileReference; lastKnownFileType = wrapper.xcdatamodel; path = IOS.xcdatamodel; sourceTree = "<group>"; };
		547E6209249C67A300D8B7C4 /* ContentView.swift */ = {isa = PBXFileReference; lastKnownFileType = sourcecode.swift; path = ContentView.swift; sourceTree = "<group>"; };
		547E620B249C67A400D8B7C4 /* Assets.xcassets */ = {isa = PBXFileReference; lastKnownFileType = folder.assetcatalog; path = Assets.xcassets; sourceTree = "<group>"; };
		547E620E249C67A400D8B7C4 /* Preview Assets.xcassets */ = {isa = PBXFileReference; lastKnownFileType = folder.assetcatalog; path = "Preview Assets.xcassets"; sourceTree = "<group>"; };
		547E6211249C67A400D8B7C4 /* Base */ = {isa = PBXFileReference; lastKnownFileType = file.storyboard; name = Base; path = Base.lproj/LaunchScreen.storyboard; sourceTree = "<group>"; };
		547E6213249C67A400D8B7C4 /* Info.plist */ = {isa = PBXFileReference; lastKnownFileType = text.plist.xml; path = Info.plist; sourceTree = "<group>"; };
		547E621B249C829200D8B7C4 /* UserListView.swift */ = {isa = PBXFileReference; lastKnownFileType = sourcecode.swift; path = UserListView.swift; sourceTree = "<group>"; };
		547E621E249C82B400D8B7C4 /* StoryView.swift */ = {isa = PBXFileReference; lastKnownFileType = sourcecode.swift; path = StoryView.swift; sourceTree = "<group>"; };
		547E6220249C82CC00D8B7C4 /* ChatListView.swift */ = {isa = PBXFileReference; lastKnownFileType = sourcecode.swift; path = ChatListView.swift; sourceTree = "<group>"; };
		547E6224249C88E300D8B7C4 /* ChannelView.swift */ = {isa = PBXFileReference; lastKnownFileType = sourcecode.swift; path = ChannelView.swift; sourceTree = "<group>"; };
		547E6227249CA27C00D8B7C4 /* WriteStoryView.swift */ = {isa = PBXFileReference; lastKnownFileType = sourcecode.swift; path = WriteStoryView.swift; sourceTree = "<group>"; };
		547E622A249CAFFA00D8B7C4 /* EditProfileView.swift */ = {isa = PBXFileReference; lastKnownFileType = sourcecode.swift; path = EditProfileView.swift; sourceTree = "<group>"; };
		548AD92724A1A772003E27FD /* HttpService.swift */ = {isa = PBXFileReference; lastKnownFileType = sourcecode.swift; path = HttpService.swift; sourceTree = "<group>"; };
		548AD92D24A1CD40003E27FD /* DataModel.swift */ = {isa = PBXFileReference; lastKnownFileType = sourcecode.swift; path = DataModel.swift; sourceTree = "<group>"; };
		5497A40C24A09A94005BBC1A /* AlarmSettingView.swift */ = {isa = PBXFileReference; lastKnownFileType = sourcecode.swift; path = AlarmSettingView.swift; sourceTree = "<group>"; };
/* End PBXFileReference section */

/* Begin PBXFrameworksBuildPhase section */
		547E61FC249C67A300D8B7C4 /* Frameworks */ = {
			isa = PBXFrameworksBuildPhase;
			buildActionMask = 2147483647;
			files = (
			);
			runOnlyForDeploymentPostprocessing = 0;
		};
/* End PBXFrameworksBuildPhase section */

/* Begin PBXGroup section */
		545D598D24A0A438000B8A5A /* ItemManage */ = {
			isa = PBXGroup;
			children = (
				545D598E24A0A448000B8A5A /* VipGuideView.swift */,
			);
			path = ItemManage;
			sourceTree = "<group>";
		};
		54745B9724A0702A00B32F25 /* MyPageItem */ = {
			isa = PBXGroup;
			children = (
				545D598D24A0A438000B8A5A /* ItemManage */,
				5497A40B24A09A7C005BBC1A /* SettingItem */,
				547E622A249CAFFA00D8B7C4 /* EditProfileView.swift */,
				54745B9824A071FC00B32F25 /* SettingView.swift */,
				54745B9A24A0724900B32F25 /* ItemManageView.swift */,
			);
			path = MyPageItem;
			sourceTree = "<group>";
		};
		547E61F6249C67A300D8B7C4 = {
			isa = PBXGroup;
			children = (
				547E6201249C67A300D8B7C4 /* IOS */,
				547E6200249C67A300D8B7C4 /* Products */,
			);
			sourceTree = "<group>";
		};
		547E6200249C67A300D8B7C4 /* Products */ = {
			isa = PBXGroup;
			children = (
				547E61FF249C67A300D8B7C4 /* IOS.app */,
			);
			name = Products;
			sourceTree = "<group>";
		};
		547E6201249C67A300D8B7C4 /* IOS */ = {
			isa = PBXGroup;
			children = (
				547E621D249C82A300D8B7C4 /* TabView */,
				547E6202249C67A300D8B7C4 /* AppDelegate.swift */,
				547E6204249C67A300D8B7C4 /* SceneDelegate.swift */,
				547E6209249C67A300D8B7C4 /* ContentView.swift */,
				548AD92724A1A772003E27FD /* HttpService.swift */,
				548AD92D24A1CD40003E27FD /* DataModel.swift */,
				547E620B249C67A400D8B7C4 /* Assets.xcassets */,
				547E6210249C67A400D8B7C4 /* LaunchScreen.storyboard */,
				547E6213249C67A400D8B7C4 /* Info.plist */,
				547E6206249C67A300D8B7C4 /* IOS.xcdatamodeld */,
				547E620D249C67A400D8B7C4 /* Preview Content */,
			);
			path = IOS;
			sourceTree = "<group>";
		};
		547E620D249C67A400D8B7C4 /* Preview Content */ = {
			isa = PBXGroup;
			children = (
				547E620E249C67A400D8B7C4 /* Preview Assets.xcassets */,
			);
			path = "Preview Content";
			sourceTree = "<group>";
		};
		547E621D249C82A300D8B7C4 /* TabView */ = {
			isa = PBXGroup;
			children = (
				54745B9724A0702A00B32F25 /* MyPageItem */,
				547E6226249CA26900D8B7C4 /* Story */,
				54745B9524A06E6400B32F25 /* MyPageView.swift */,
				547E621B249C829200D8B7C4 /* UserListView.swift */,
				547E621E249C82B400D8B7C4 /* StoryView.swift */,
				547E6220249C82CC00D8B7C4 /* ChatListView.swift */,
				547E6224249C88E300D8B7C4 /* ChannelView.swift */,
			);
			path = TabView;
			sourceTree = "<group>";
		};
		547E6226249CA26900D8B7C4 /* Story */ = {
			isa = PBXGroup;
			children = (
				547E6227249CA27C00D8B7C4 /* WriteStoryView.swift */,
			);
			path = Story;
			sourceTree = "<group>";
		};
		5497A40B24A09A7C005BBC1A /* SettingItem */ = {
			isa = PBXGroup;
			children = (
				5497A40C24A09A94005BBC1A /* AlarmSettingView.swift */,
			);
			path = SettingItem;
			sourceTree = "<group>";
		};
/* End PBXGroup section */

/* Begin PBXNativeTarget section */
		547E61FE249C67A300D8B7C4 /* IOS */ = {
			isa = PBXNativeTarget;
			buildConfigurationList = 547E6216249C67A400D8B7C4 /* Build configuration list for PBXNativeTarget "IOS" */;
			buildPhases = (
				547E61FB249C67A300D8B7C4 /* Sources */,
				547E61FC249C67A300D8B7C4 /* Frameworks */,
				547E61FD249C67A300D8B7C4 /* Resources */,
			);
			buildRules = (
			);
			dependencies = (
			);
			name = IOS;
			productName = IOS;
			productReference = 547E61FF249C67A300D8B7C4 /* IOS.app */;
			productType = "com.apple.product-type.application";
		};
/* End PBXNativeTarget section */

/* Begin PBXProject section */
		547E61F7249C67A300D8B7C4 /* Project object */ = {
			isa = PBXProject;
			attributes = {
				LastSwiftUpdateCheck = 1150;
				LastUpgradeCheck = 1150;
				ORGANIZATIONNAME = KSH;
				TargetAttributes = {
					547E61FE249C67A300D8B7C4 = {
						CreatedOnToolsVersion = 11.5;
					};
				};
			};
			buildConfigurationList = 547E61FA249C67A300D8B7C4 /* Build configuration list for PBXProject "IOS" */;
			compatibilityVersion = "Xcode 9.3";
			developmentRegion = en;
			hasScannedForEncodings = 0;
			knownRegions = (
				en,
				Base,
			);
			mainGroup = 547E61F6249C67A300D8B7C4;
			productRefGroup = 547E6200249C67A300D8B7C4 /* Products */;
			projectDirPath = "";
			projectRoot = "";
			targets = (
				547E61FE249C67A300D8B7C4 /* IOS */,
			);
		};
/* End PBXProject section */

/* Begin PBXResourcesBuildPhase section */
		547E61FD249C67A300D8B7C4 /* Resources */ = {
			isa = PBXResourcesBuildPhase;
			buildActionMask = 2147483647;
			files = (
				547E6212249C67A400D8B7C4 /* LaunchScreen.storyboard in Resources */,
				547E620F249C67A400D8B7C4 /* Preview Assets.xcassets in Resources */,
				547E620C249C67A400D8B7C4 /* Assets.xcassets in Resources */,
			);
			runOnlyForDeploymentPostprocessing = 0;
		};
/* End PBXResourcesBuildPhase section */

/* Begin PBXSourcesBuildPhase section */
		547E61FB249C67A300D8B7C4 /* Sources */ = {
			isa = PBXSourcesBuildPhase;
			buildActionMask = 2147483647;
			files = (
				547E6203249C67A300D8B7C4 /* AppDelegate.swift in Sources */,
				547E6208249C67A300D8B7C4 /* IOS.xcdatamodeld in Sources */,
				547E621C249C829200D8B7C4 /* UserListView.swift in Sources */,
				547E622B249CAFFA00D8B7C4 /* EditProfileView.swift in Sources */,
				547E6225249C88E300D8B7C4 /* ChannelView.swift in Sources */,
				547E6228249CA27C00D8B7C4 /* WriteStoryView.swift in Sources */,
				54745B9624A06E6400B32F25 /* MyPageView.swift in Sources */,
				545D598F24A0A448000B8A5A /* VipGuideView.swift in Sources */,
				54745B9B24A0724900B32F25 /* ItemManageView.swift in Sources */,
				547E621F249C82B400D8B7C4 /* StoryView.swift in Sources */,
				547E620A249C67A300D8B7C4 /* ContentView.swift in Sources */,
				548AD92824A1A772003E27FD /* HttpService.swift in Sources */,
				54745B9924A071FC00B32F25 /* SettingView.swift in Sources */,
				547E6221249C82CC00D8B7C4 /* ChatListView.swift in Sources */,
				548AD92E24A1CD40003E27FD /* DataModel.swift in Sources */,
				547E6205249C67A300D8B7C4 /* SceneDelegate.swift in Sources */,
				5497A40D24A09A94005BBC1A /* AlarmSettingView.swift in Sources */,
			);
			runOnlyForDeploymentPostprocessing = 0;
		};
/* End PBXSourcesBuildPhase section */

/* Begin PBXVariantGroup section */
		547E6210249C67A400D8B7C4 /* LaunchScreen.storyboard */ = {
			isa = PBXVariantGroup;
			children = (
				547E6211249C67A400D8B7C4 /* Base */,
			);
			name = LaunchScreen.storyboard;
			sourceTree = "<group>";
		};
/* End PBXVariantGroup section */

/* Begin XCBuildConfiguration section */
		547E6214249C67A400D8B7C4 /* Debug */ = {
			isa = XCBuildConfiguration;
			buildSettings = {
				ALWAYS_SEARCH_USER_PATHS = NO;
				CLANG_ANALYZER_NONNULL = YES;
				CLANG_ANALYZER_NUMBER_OBJECT_CONVERSION = YES_AGGRESSIVE;
				CLANG_CXX_LANGUAGE_STANDARD = "gnu++14";
				CLANG_CXX_LIBRARY = "libc++";
				CLANG_ENABLE_MODULES = YES;
				CLANG_ENABLE_OBJC_ARC = YES;
				CLANG_ENABLE_OBJC_WEAK = YES;
				CLANG_WARN_BLOCK_CAPTURE_AUTORELEASING = YES;
				CLANG_WARN_BOOL_CONVERSION = YES;
				CLANG_WARN_COMMA = YES;
				CLANG_WARN_CONSTANT_CONVERSION = YES;
				CLANG_WARN_DEPRECATED_OBJC_IMPLEMENTATIONS = YES;
				CLANG_WARN_DIRECT_OBJC_ISA_USAGE = YES_ERROR;
				CLANG_WARN_DOCUMENTATION_COMMENTS = YES;
				CLANG_WARN_EMPTY_BODY = YES;
				CLANG_WARN_ENUM_CONVERSION = YES;
				CLANG_WARN_INFINITE_RECURSION = YES;
				CLANG_WARN_INT_CONVERSION = YES;
				CLANG_WARN_NON_LITERAL_NULL_CONVERSION = YES;
				CLANG_WARN_OBJC_IMPLICIT_RETAIN_SELF = YES;
				CLANG_WARN_OBJC_LITERAL_CONVERSION = YES;
				CLANG_WARN_OBJC_ROOT_CLASS = YES_ERROR;
				CLANG_WARN_RANGE_LOOP_ANALYSIS = YES;
				CLANG_WARN_STRICT_PROTOTYPES = YES;
				CLANG_WARN_SUSPICIOUS_MOVE = YES;
				CLANG_WARN_UNGUARDED_AVAILABILITY = YES_AGGRESSIVE;
				CLANG_WARN_UNREACHABLE_CODE = YES;
				CLANG_WARN__DUPLICATE_METHOD_MATCH = YES;
				COPY_PHASE_STRIP = NO;
				DEBUG_INFORMATION_FORMAT = dwarf;
				ENABLE_STRICT_OBJC_MSGSEND = YES;
				ENABLE_TESTABILITY = YES;
				GCC_C_LANGUAGE_STANDARD = gnu11;
				GCC_DYNAMIC_NO_PIC = NO;
				GCC_NO_COMMON_BLOCKS = YES;
				GCC_OPTIMIZATION_LEVEL = 0;
				GCC_PREPROCESSOR_DEFINITIONS = (
					"DEBUG=1",
					"$(inherited)",
				);
				GCC_WARN_64_TO_32_BIT_CONVERSION = YES;
				GCC_WARN_ABOUT_RETURN_TYPE = YES_ERROR;
				GCC_WARN_UNDECLARED_SELECTOR = YES;
				GCC_WARN_UNINITIALIZED_AUTOS = YES_AGGRESSIVE;
				GCC_WARN_UNUSED_FUNCTION = YES;
				GCC_WARN_UNUSED_VARIABLE = YES;
				IPHONEOS_DEPLOYMENT_TARGET = 13.5;
				MTL_ENABLE_DEBUG_INFO = INCLUDE_SOURCE;
				MTL_FAST_MATH = YES;
				ONLY_ACTIVE_ARCH = YES;
				SDKROOT = iphoneos;
				SWIFT_ACTIVE_COMPILATION_CONDITIONS = DEBUG;
				SWIFT_OPTIMIZATION_LEVEL = "-Onone";
			};
			name = Debug;
		};
		547E6215249C67A400D8B7C4 /* Release */ = {
			isa = XCBuildConfiguration;
			buildSettings = {
				ALWAYS_SEARCH_USER_PATHS = NO;
				CLANG_ANALYZER_NONNULL = YES;
				CLANG_ANALYZER_NUMBER_OBJECT_CONVERSION = YES_AGGRESSIVE;
				CLANG_CXX_LANGUAGE_STANDARD = "gnu++14";
				CLANG_CXX_LIBRARY = "libc++";
				CLANG_ENABLE_MODULES = YES;
				CLANG_ENABLE_OBJC_ARC = YES;
				CLANG_ENABLE_OBJC_WEAK = YES;
				CLANG_WARN_BLOCK_CAPTURE_AUTORELEASING = YES;
				CLANG_WARN_BOOL_CONVERSION = YES;
				CLANG_WARN_COMMA = YES;
				CLANG_WARN_CONSTANT_CONVERSION = YES;
				CLANG_WARN_DEPRECATED_OBJC_IMPLEMENTATIONS = YES;
				CLANG_WARN_DIRECT_OBJC_ISA_USAGE = YES_ERROR;
				CLANG_WARN_DOCUMENTATION_COMMENTS = YES;
				CLANG_WARN_EMPTY_BODY = YES;
				CLANG_WARN_ENUM_CONVERSION = YES;
				CLANG_WARN_INFINITE_RECURSION = YES;
				CLANG_WARN_INT_CONVERSION = YES;
				CLANG_WARN_NON_LITERAL_NULL_CONVERSION = YES;
				CLANG_WARN_OBJC_IMPLICIT_RETAIN_SELF = YES;
				CLANG_WARN_OBJC_LITERAL_CONVERSION = YES;
				CLANG_WARN_OBJC_ROOT_CLASS = YES_ERROR;
				CLANG_WARN_RANGE_LOOP_ANALYSIS = YES;
				CLANG_WARN_STRICT_PROTOTYPES = YES;
				CLANG_WARN_SUSPICIOUS_MOVE = YES;
				CLANG_WARN_UNGUARDED_AVAILABILITY = YES_AGGRESSIVE;
				CLANG_WARN_UNREACHABLE_CODE = YES;
				CLANG_WARN__DUPLICATE_METHOD_MATCH = YES;
				COPY_PHASE_STRIP = NO;
				DEBUG_INFORMATION_FORMAT = "dwarf-with-dsym";
				ENABLE_NS_ASSERTIONS = NO;
				ENABLE_STRICT_OBJC_MSGSEND = YES;
				GCC_C_LANGUAGE_STANDARD = gnu11;
				GCC_NO_COMMON_BLOCKS = YES;
				GCC_WARN_64_TO_32_BIT_CONVERSION = YES;
				GCC_WARN_ABOUT_RETURN_TYPE = YES_ERROR;
				GCC_WARN_UNDECLARED_SELECTOR = YES;
				GCC_WARN_UNINITIALIZED_AUTOS = YES_AGGRESSIVE;
				GCC_WARN_UNUSED_FUNCTION = YES;
				GCC_WARN_UNUSED_VARIABLE = YES;
				IPHONEOS_DEPLOYMENT_TARGET = 13.5;
				MTL_ENABLE_DEBUG_INFO = NO;
				MTL_FAST_MATH = YES;
				SDKROOT = iphoneos;
				SWIFT_COMPILATION_MODE = wholemodule;
				SWIFT_OPTIMIZATION_LEVEL = "-O";
				VALIDATE_PRODUCT = YES;
			};
			name = Release;
		};
		547E6217249C67A400D8B7C4 /* Debug */ = {
			isa = XCBuildConfiguration;
			buildSettings = {
				ASSETCATALOG_COMPILER_APPICON_NAME = AppIcon;
				CODE_SIGN_STYLE = Automatic;
				DEVELOPMENT_ASSET_PATHS = "\"IOS/Preview Content\"";
				ENABLE_PREVIEWS = YES;
				INFOPLIST_FILE = IOS/Info.plist;
				LD_RUNPATH_SEARCH_PATHS = (
					"$(inherited)",
					"@executable_path/Frameworks",
				);
				PRODUCT_BUNDLE_IDENTIFIER = com.ilove.IOS;
				PRODUCT_NAME = "$(TARGET_NAME)";
				SWIFT_VERSION = 5.0;
				TARGETED_DEVICE_FAMILY = "1,2";
			};
			name = Debug;
		};
		547E6218249C67A400D8B7C4 /* Release */ = {
			isa = XCBuildConfiguration;
			buildSettings = {
				ASSETCATALOG_COMPILER_APPICON_NAME = AppIcon;
				CODE_SIGN_STYLE = Automatic;
				DEVELOPMENT_ASSET_PATHS = "\"IOS/Preview Content\"";
				ENABLE_PREVIEWS = YES;
				INFOPLIST_FILE = IOS/Info.plist;
				LD_RUNPATH_SEARCH_PATHS = (
					"$(inherited)",
					"@executable_path/Frameworks",
				);
				PRODUCT_BUNDLE_IDENTIFIER = com.ilove.IOS;
				PRODUCT_NAME = "$(TARGET_NAME)";
				SWIFT_VERSION = 5.0;
				TARGETED_DEVICE_FAMILY = "1,2";
			};
			name = Release;
		};
/* End XCBuildConfiguration section */

/* Begin XCConfigurationList section */
		547E61FA249C67A300D8B7C4 /* Build configuration list for PBXProject "IOS" */ = {
			isa = XCConfigurationList;
			buildConfigurations = (
				547E6214249C67A400D8B7C4 /* Debug */,
				547E6215249C67A400D8B7C4 /* Release */,
			);
			defaultConfigurationIsVisible = 0;
			defaultConfigurationName = Release;
		};
		547E6216249C67A400D8B7C4 /* Build configuration list for PBXNativeTarget "IOS" */ = {
			isa = XCConfigurationList;
			buildConfigurations = (
				547E6217249C67A400D8B7C4 /* Debug */,
				547E6218249C67A400D8B7C4 /* Release */,
			);
			defaultConfigurationIsVisible = 0;
			defaultConfigurationName = Release;
		};
/* End XCConfigurationList section */

/* Begin XCVersionGroup section */
		547E6206249C67A300D8B7C4 /* IOS.xcdatamodeld */ = {
			isa = XCVersionGroup;
			children = (
				547E6207249C67A300D8B7C4 /* IOS.xcdatamodel */,
			);
			currentVersion = 547E6207249C67A300D8B7C4 /* IOS.xcdatamodel */;
			path = IOS.xcdatamodeld;
			sourceTree = "<group>";
			versionGroupType = wrapper.xcdatamodel;
		};
/* End XCVersionGroup section */
	};
	rootObject = 547E61F7249C67A300D8B7C4 /* Project object */;
}
